
Microsoft Visual Studio Solution File, Format Version 12.00
# Visual Studio Version 17
VisualStudioVersion = 17.1.32328.378
MinimumVisualStudioVersion = 10.0.40219.1
Project("{FAE04EC0-301F-11D3-BF4B-00C04F79EFBC}") = "ManagamentCostumer", "ManagamentCostumer.csproj", "{9FA8C1ED-B63F-43DD-8612-C13AD64FA7DC}"
EndProject
Project("{FAE04EC0-301F-11D3-BF4B-00C04F79EFBC}") = "ManagamentCostumer.WebService", "..\ManagamentCostumer.WebService\ManagamentCostumer.WebService.csproj", "{34CA19C7-15CA-4855-AC78-D414D46B5D3C}"
EndProject
Project("{FAE04EC0-301F-11D3-BF4B-00C04F79EFBC}") = "ManagamentCostumer.Database", "..\ManagamentCostumer.Database\ManagamentCostumer.Database.csproj", "{B338AA39-F9AD-4633-BCD0-109AB58EB446}"
EndProject
Global
	GlobalSection(SolutionConfigurationPlatforms) = preSolution
		Debug|Any CPU = Debug|Any CPU
		Release|Any CPU = Release|Any CPU
	EndGlobalSection
	GlobalSection(ProjectConfigurationPlatforms) = postSolution
		{9FA8C1ED-B63F-43DD-8612-C13AD64FA7DC}.Debug|Any CPU.ActiveCfg = Debug|Any CPU
		{9FA8C1ED-B63F-43DD-8612-C13AD64FA7DC}.Debug|Any CPU.Build.0 = Debug|Any CPU
		{9FA8C1ED-B63F-43DD-8612-C13AD64FA7DC}.Release|Any CPU.ActiveCfg = Release|Any CPU
		{9FA8C1ED-B63F-43DD-8612-C13AD64FA7DC}.Release|Any CPU.Build.0 = Release|Any CPU
		{34CA19C7-15CA-4855-AC78-D414D46B5D3C}.Debug|Any CPU.ActiveCfg = Debug|Any CPU
		{34CA19C7-15CA-4855-AC78-D414D46B5D3C}.Debug|Any CPU.Build.0 = Debug|Any CPU
		{34CA19C7-15CA-4855-AC78-D414D46B5D3C}.Release|Any CPU.ActiveCfg = Release|Any CPU
		{34CA19C7-15CA-4855-AC78-D414D46B5D3C}.Release|Any CPU.Build.0 = Release|Any CPU
		{B338AA39-F9AD-4633-BCD0-109AB58EB446}.Debug|Any CPU.ActiveCfg = Debug|Any CPU
		{B338AA39-F9AD-4633-BCD0-109AB58EB446}.Debug|Any CPU.Build.0 = Debug|Any CPU
		{B338AA39-F9AD-4633-BCD0-109AB58EB446}.Release|Any CPU.ActiveCfg = Release|Any CPU
		{B338AA39-F9AD-4633-BCD0-109AB58EB446}.Release|Any CPU.Build.0 = Release|Any CPU
	EndGlobalSection
	GlobalSection(SolutionProperties) = preSolution
		HideSolutionNode = FALSE
	EndGlobalSection
	GlobalSection(ExtensibilityGlobals) = postSolution
		SolutionGuid = {64FA0232-BCC8-4740-8681-61840CB45653}
	EndGlobalSection
EndGlobal
